// !$*UTF8*$!
{
	archiveVersion = 1;
	classes = {
	};
	objectVersion = 56;
	objects = {

/* Begin PBXBuildFile section */
		1429E39029776301002941D4 /* RSUserDefaultTests.swift in Sources */ = {isa = PBXBuildFile; fileRef = 1429E38F29776301002941D4 /* RSUserDefaultTests.swift */; };
		1429E39229776CE1002941D4 /* AppData.swift in Sources */ = {isa = PBXBuildFile; fileRef = 1429E39129776CE1002941D4 /* AppData.swift */; };
		1429E39429777034002941D4 /* WeatherSettingsView.swift in Sources */ = {isa = PBXBuildFile; fileRef = 1429E39329777034002941D4 /* WeatherSettingsView.swift */; };
		1429E3962978129E002941D4 /* TimerSettingsView.swift in Sources */ = {isa = PBXBuildFile; fileRef = 1429E3952978129E002941D4 /* TimerSettingsView.swift */; };
		1429E39A297815AB002941D4 /* TimerManager.swift in Sources */ = {isa = PBXBuildFile; fileRef = 1429E399297815AB002941D4 /* TimerManager.swift */; };
		14A4645F296B8CF800A60BDF /* RichStatusApp.swift in Sources */ = {isa = PBXBuildFile; fileRef = 14A4645E296B8CF800A60BDF /* RichStatusApp.swift */; };
		14A46461296B8CF800A60BDF /* SettingsView.swift in Sources */ = {isa = PBXBuildFile; fileRef = 14A46460296B8CF800A60BDF /* SettingsView.swift */; };
		14A46463296B8CF900A60BDF /* Assets.xcassets in Resources */ = {isa = PBXBuildFile; fileRef = 14A46462296B8CF900A60BDF /* Assets.xcassets */; };
		14A4647B296B8CF900A60BDF /* RichStatusUITests.swift in Sources */ = {isa = PBXBuildFile; fileRef = 14A4647A296B8CF900A60BDF /* RichStatusUITests.swift */; };
		14A4647D296B8CF900A60BDF /* RichStatusUITestsLaunchTests.swift in Sources */ = {isa = PBXBuildFile; fileRef = 14A4647C296B8CF900A60BDF /* RichStatusUITestsLaunchTests.swift */; };
		14E7A6FB296F66DB005508A9 /* WeatherManager.swift in Sources */ = {isa = PBXBuildFile; fileRef = 14E7A6FA296F66DB005508A9 /* WeatherManager.swift */; };
		14E7A6FD296F67B5005508A9 /* LocationManager.swift in Sources */ = {isa = PBXBuildFile; fileRef = 14E7A6FC296F67B5005508A9 /* LocationManager.swift */; };
/* End PBXBuildFile section */

/* Begin PBXContainerItemProxy section */
		14A4646D296B8CF900A60BDF /* PBXContainerItemProxy */ = {
			isa = PBXContainerItemProxy;
			containerPortal = 14A46453296B8CF800A60BDF /* Project object */;
			proxyType = 1;
			remoteGlobalIDString = 14A4645A296B8CF800A60BDF;
			remoteInfo = RichStatus;
		};
		14A46477296B8CF900A60BDF /* PBXContainerItemProxy */ = {
			isa = PBXContainerItemProxy;
			containerPortal = 14A46453296B8CF800A60BDF /* Project object */;
			proxyType = 1;
			remoteGlobalIDString = 14A4645A296B8CF800A60BDF;
			remoteInfo = RichStatus;
		};
/* End PBXContainerItemProxy section */

/* Begin PBXFileReference section */
		1429E38F29776301002941D4 /* RSUserDefaultTests.swift */ = {isa = PBXFileReference; lastKnownFileType = sourcecode.swift; path = RSUserDefaultTests.swift; sourceTree = "<group>"; };
		1429E39129776CE1002941D4 /* AppData.swift */ = {isa = PBXFileReference; lastKnownFileType = sourcecode.swift; path = AppData.swift; sourceTree = "<group>"; };
		1429E39329777034002941D4 /* WeatherSettingsView.swift */ = {isa = PBXFileReference; lastKnownFileType = sourcecode.swift; path = WeatherSettingsView.swift; sourceTree = "<group>"; };
		1429E3952978129E002941D4 /* TimerSettingsView.swift */ = {isa = PBXFileReference; lastKnownFileType = sourcecode.swift; path = TimerSettingsView.swift; sourceTree = "<group>"; };
		1429E399297815AB002941D4 /* TimerManager.swift */ = {isa = PBXFileReference; lastKnownFileType = sourcecode.swift; path = TimerManager.swift; sourceTree = "<group>"; };
		14A4645B296B8CF800A60BDF /* RichStatus.app */ = {isa = PBXFileReference; explicitFileType = wrapper.application; includeInIndex = 0; path = RichStatus.app; sourceTree = BUILT_PRODUCTS_DIR; };
		14A4645E296B8CF800A60BDF /* RichStatusApp.swift */ = {isa = PBXFileReference; lastKnownFileType = sourcecode.swift; path = RichStatusApp.swift; sourceTree = "<group>"; };
		14A46460296B8CF800A60BDF /* SettingsView.swift */ = {isa = PBXFileReference; lastKnownFileType = sourcecode.swift; path = SettingsView.swift; sourceTree = "<group>"; };
		14A46462296B8CF900A60BDF /* Assets.xcassets */ = {isa = PBXFileReference; lastKnownFileType = folder.assetcatalog; path = Assets.xcassets; sourceTree = "<group>"; };
		14A46467296B8CF900A60BDF /* RichStatus.entitlements */ = {isa = PBXFileReference; lastKnownFileType = text.plist.entitlements; path = RichStatus.entitlements; sourceTree = "<group>"; };
		14A4646C296B8CF900A60BDF /* RichStatusTests.xctest */ = {isa = PBXFileReference; explicitFileType = wrapper.cfbundle; includeInIndex = 0; path = RichStatusTests.xctest; sourceTree = BUILT_PRODUCTS_DIR; };
		14A46476296B8CF900A60BDF /* RichStatusUITests.xctest */ = {isa = PBXFileReference; explicitFileType = wrapper.cfbundle; includeInIndex = 0; path = RichStatusUITests.xctest; sourceTree = BUILT_PRODUCTS_DIR; };
		14A4647A296B8CF900A60BDF /* RichStatusUITests.swift */ = {isa = PBXFileReference; lastKnownFileType = sourcecode.swift; path = RichStatusUITests.swift; sourceTree = "<group>"; };
		14A4647C296B8CF900A60BDF /* RichStatusUITestsLaunchTests.swift */ = {isa = PBXFileReference; lastKnownFileType = sourcecode.swift; path = RichStatusUITestsLaunchTests.swift; sourceTree = "<group>"; };
		14E7A6FA296F66DB005508A9 /* WeatherManager.swift */ = {isa = PBXFileReference; lastKnownFileType = sourcecode.swift; path = WeatherManager.swift; sourceTree = "<group>"; };
		14E7A6FC296F67B5005508A9 /* LocationManager.swift */ = {isa = PBXFileReference; lastKnownFileType = sourcecode.swift; path = LocationManager.swift; sourceTree = "<group>"; };
/* End PBXFileReference section */

/* Begin PBXFrameworksBuildPhase section */
		14A46458296B8CF800A60BDF /* Frameworks */ = {
			isa = PBXFrameworksBuildPhase;
			buildActionMask = 2147483647;
			files = (
			);
			runOnlyForDeploymentPostprocessing = 0;
		};
		14A46469296B8CF900A60BDF /* Frameworks */ = {
			isa = PBXFrameworksBuildPhase;
			buildActionMask = 2147483647;
			files = (
			);
			runOnlyForDeploymentPostprocessing = 0;
		};
		14A46473296B8CF900A60BDF /* Frameworks */ = {
			isa = PBXFrameworksBuildPhase;
			buildActionMask = 2147483647;
			files = (
			);
			runOnlyForDeploymentPostprocessing = 0;
		};
/* End PBXFrameworksBuildPhase section */

/* Begin PBXGroup section */
		1429E39729781306002941D4 /* Views */ = {
			isa = PBXGroup;
			children = (
				14A46460296B8CF800A60BDF /* SettingsView.swift */,
				1429E3952978129E002941D4 /* TimerSettingsView.swift */,
				1429E39329777034002941D4 /* WeatherSettingsView.swift */,
			);
			path = Views;
			sourceTree = "<group>";
		};
		1429E3982978131F002941D4 /* Managers */ = {
			isa = PBXGroup;
			children = (
				14E7A6FC296F67B5005508A9 /* LocationManager.swift */,
				14E7A6FA296F66DB005508A9 /* WeatherManager.swift */,
				1429E399297815AB002941D4 /* TimerManager.swift */,
			);
			path = Managers;
			sourceTree = "<group>";
		};
		14A46452296B8CF800A60BDF = {
			isa = PBXGroup;
			children = (
				14A4645D296B8CF800A60BDF /* RichStatus */,
				14A4646F296B8CF900A60BDF /* RichStatusTests */,
				14A46479296B8CF900A60BDF /* RichStatusUITests */,
				14A4645C296B8CF800A60BDF /* Products */,
			);
			sourceTree = "<group>";
		};
		14A4645C296B8CF800A60BDF /* Products */ = {
			isa = PBXGroup;
			children = (
				14A4645B296B8CF800A60BDF /* RichStatus.app */,
				14A4646C296B8CF900A60BDF /* RichStatusTests.xctest */,
				14A46476296B8CF900A60BDF /* RichStatusUITests.xctest */,
			);
			name = Products;
			sourceTree = "<group>";
		};
		14A4645D296B8CF800A60BDF /* RichStatus */ = {
			isa = PBXGroup;
			children = (
				14A46467296B8CF900A60BDF /* RichStatus.entitlements */,
				1429E39129776CE1002941D4 /* AppData.swift */,
				14A4645E296B8CF800A60BDF /* RichStatusApp.swift */,
				14A46462296B8CF900A60BDF /* Assets.xcassets */,
				1429E3982978131F002941D4 /* Managers */,
				1429E39729781306002941D4 /* Views */,
			);
			path = RichStatus;
			sourceTree = "<group>";
		};
		14A4646F296B8CF900A60BDF /* RichStatusTests */ = {
			isa = PBXGroup;
			children = (
				1429E38F29776301002941D4 /* RSUserDefaultTests.swift */,
			);
			path = RichStatusTests;
			sourceTree = "<group>";
		};
		14A46479296B8CF900A60BDF /* RichStatusUITests */ = {
			isa = PBXGroup;
			children = (
				14A4647A296B8CF900A60BDF /* RichStatusUITests.swift */,
				14A4647C296B8CF900A60BDF /* RichStatusUITestsLaunchTests.swift */,
			);
			path = RichStatusUITests;
			sourceTree = "<group>";
		};
/* End PBXGroup section */

/* Begin PBXNativeTarget section */
		14A4645A296B8CF800A60BDF /* RichStatus */ = {
			isa = PBXNativeTarget;
			buildConfigurationList = 14A46480296B8CF900A60BDF /* Build configuration list for PBXNativeTarget "RichStatus" */;
			buildPhases = (
				14A46457296B8CF800A60BDF /* Sources */,
				14A46458296B8CF800A60BDF /* Frameworks */,
				14A46459296B8CF800A60BDF /* Resources */,
			);
			buildRules = (
			);
			dependencies = (
			);
			name = RichStatus;
			productName = RichStatus;
			productReference = 14A4645B296B8CF800A60BDF /* RichStatus.app */;
			productType = "com.apple.product-type.application";
		};
		14A4646B296B8CF900A60BDF /* RichStatusTests */ = {
			isa = PBXNativeTarget;
			buildConfigurationList = 14A46483296B8CF900A60BDF /* Build configuration list for PBXNativeTarget "RichStatusTests" */;
			buildPhases = (
				14A46468296B8CF900A60BDF /* Sources */,
				14A46469296B8CF900A60BDF /* Frameworks */,
				14A4646A296B8CF900A60BDF /* Resources */,
			);
			buildRules = (
			);
			dependencies = (
				14A4646E296B8CF900A60BDF /* PBXTargetDependency */,
			);
			name = RichStatusTests;
			productName = RichStatusTests;
			productReference = 14A4646C296B8CF900A60BDF /* RichStatusTests.xctest */;
			productType = "com.apple.product-type.bundle.unit-test";
		};
		14A46475296B8CF900A60BDF /* RichStatusUITests */ = {
			isa = PBXNativeTarget;
			buildConfigurationList = 14A46486296B8CF900A60BDF /* Build configuration list for PBXNativeTarget "RichStatusUITests" */;
			buildPhases = (
				14A46472296B8CF900A60BDF /* Sources */,
				14A46473296B8CF900A60BDF /* Frameworks */,
				14A46474296B8CF900A60BDF /* Resources */,
			);
			buildRules = (
			);
			dependencies = (
				14A46478296B8CF900A60BDF /* PBXTargetDependency */,
			);
			name = RichStatusUITests;
			productName = RichStatusUITests;
			productReference = 14A46476296B8CF900A60BDF /* RichStatusUITests.xctest */;
			productType = "com.apple.product-type.bundle.ui-testing";
		};
/* End PBXNativeTarget section */

/* Begin PBXProject section */
		14A46453296B8CF800A60BDF /* Project object */ = {
			isa = PBXProject;
			attributes = {
				BuildIndependentTargetsInParallel = 1;
				LastSwiftUpdateCheck = 1420;
				LastUpgradeCheck = 1420;
				TargetAttributes = {
					14A4645A296B8CF800A60BDF = {
						CreatedOnToolsVersion = 14.2;
					};
					14A4646B296B8CF900A60BDF = {
						CreatedOnToolsVersion = 14.2;
						LastSwiftMigration = 1420;
						TestTargetID = 14A4645A296B8CF800A60BDF;
					};
					14A46475296B8CF900A60BDF = {
						CreatedOnToolsVersion = 14.2;
						TestTargetID = 14A4645A296B8CF800A60BDF;
					};
				};
			};
			buildConfigurationList = 14A46456296B8CF800A60BDF /* Build configuration list for PBXProject "RichStatus" */;
			compatibilityVersion = "Xcode 14.0";
			developmentRegion = en;
			hasScannedForEncodings = 0;
			knownRegions = (
				en,
				Base,
			);
			mainGroup = 14A46452296B8CF800A60BDF;
			productRefGroup = 14A4645C296B8CF800A60BDF /* Products */;
			projectDirPath = "";
			projectRoot = "";
			targets = (
				14A4645A296B8CF800A60BDF /* RichStatus */,
				14A4646B296B8CF900A60BDF /* RichStatusTests */,
				14A46475296B8CF900A60BDF /* RichStatusUITests */,
			);
		};
/* End PBXProject section */

/* Begin PBXResourcesBuildPhase section */
		14A46459296B8CF800A60BDF /* Resources */ = {
			isa = PBXResourcesBuildPhase;
			buildActionMask = 2147483647;
			files = (
				14A46463296B8CF900A60BDF /* Assets.xcassets in Resources */,
			);
			runOnlyForDeploymentPostprocessing = 0;
		};
		14A4646A296B8CF900A60BDF /* Resources */ = {
			isa = PBXResourcesBuildPhase;
			buildActionMask = 2147483647;
			files = (
			);
			runOnlyForDeploymentPostprocessing = 0;
		};
		14A46474296B8CF900A60BDF /* Resources */ = {
			isa = PBXResourcesBuildPhase;
			buildActionMask = 2147483647;
			files = (
			);
			runOnlyForDeploymentPostprocessing = 0;
		};
/* End PBXResourcesBuildPhase section */

/* Begin PBXSourcesBuildPhase section */
		14A46457296B8CF800A60BDF /* Sources */ = {
			isa = PBXSourcesBuildPhase;
			buildActionMask = 2147483647;
			files = (
				14E7A6FB296F66DB005508A9 /* WeatherManager.swift in Sources */,
				1429E39A297815AB002941D4 /* TimerManager.swift in Sources */,
				14A46461296B8CF800A60BDF /* SettingsView.swift in Sources */,
				1429E39429777034002941D4 /* WeatherSettingsView.swift in Sources */,
				14E7A6FD296F67B5005508A9 /* LocationManager.swift in Sources */,
				1429E3962978129E002941D4 /* TimerSettingsView.swift in Sources */,
				14A4645F296B8CF800A60BDF /* RichStatusApp.swift in Sources */,
				1429E39229776CE1002941D4 /* AppData.swift in Sources */,
			);
			runOnlyForDeploymentPostprocessing = 0;
		};
		14A46468296B8CF900A60BDF /* Sources */ = {
			isa = PBXSourcesBuildPhase;
			buildActionMask = 2147483647;
			files = (
				1429E39029776301002941D4 /* RSUserDefaultTests.swift in Sources */,
			);
			runOnlyForDeploymentPostprocessing = 0;
		};
		14A46472296B8CF900A60BDF /* Sources */ = {
			isa = PBXSourcesBuildPhase;
			buildActionMask = 2147483647;
			files = (
				14A4647D296B8CF900A60BDF /* RichStatusUITestsLaunchTests.swift in Sources */,
				14A4647B296B8CF900A60BDF /* RichStatusUITests.swift in Sources */,
			);
			runOnlyForDeploymentPostprocessing = 0;
		};
/* End PBXSourcesBuildPhase section */

/* Begin PBXTargetDependency section */
		14A4646E296B8CF900A60BDF /* PBXTargetDependency */ = {
			isa = PBXTargetDependency;
			target = 14A4645A296B8CF800A60BDF /* RichStatus */;
			targetProxy = 14A4646D296B8CF900A60BDF /* PBXContainerItemProxy */;
		};
		14A46478296B8CF900A60BDF /* PBXTargetDependency */ = {
			isa = PBXTargetDependency;
			target = 14A4645A296B8CF800A60BDF /* RichStatus */;
			targetProxy = 14A46477296B8CF900A60BDF /* PBXContainerItemProxy */;
		};
/* End PBXTargetDependency section */

/* Begin XCBuildConfiguration section */
		14A4647E296B8CF900A60BDF /* Debug */ = {
			isa = XCBuildConfiguration;
			buildSettings = {
				ALWAYS_SEARCH_USER_PATHS = NO;
				CLANG_ANALYZER_NONNULL = YES;
				CLANG_ANALYZER_NUMBER_OBJECT_CONVERSION = YES_AGGRESSIVE;
				CLANG_CXX_LANGUAGE_STANDARD = "gnu++20";
				CLANG_ENABLE_MODULES = YES;
				CLANG_ENABLE_OBJC_ARC = YES;
				CLANG_ENABLE_OBJC_WEAK = YES;
				CLANG_WARN_BLOCK_CAPTURE_AUTORELEASING = YES;
				CLANG_WARN_BOOL_CONVERSION = YES;
				CLANG_WARN_COMMA = YES;
				CLANG_WARN_CONSTANT_CONVERSION = YES;
				CLANG_WARN_DEPRECATED_OBJC_IMPLEMENTATIONS = YES;
				CLANG_WARN_DIRECT_OBJC_ISA_USAGE = YES_ERROR;
				CLANG_WARN_DOCUMENTATION_COMMENTS = YES;
				CLANG_WARN_EMPTY_BODY = YES;
				CLANG_WARN_ENUM_CONVERSION = YES;
				CLANG_WARN_INFINITE_RECURSION = YES;
				CLANG_WARN_INT_CONVERSION = YES;
				CLANG_WARN_NON_LITERAL_NULL_CONVERSION = YES;
				CLANG_WARN_OBJC_IMPLICIT_RETAIN_SELF = YES;
				CLANG_WARN_OBJC_LITERAL_CONVERSION = YES;
				CLANG_WARN_OBJC_ROOT_CLASS = YES_ERROR;
				CLANG_WARN_QUOTED_INCLUDE_IN_FRAMEWORK_HEADER = YES;
				CLANG_WARN_RANGE_LOOP_ANALYSIS = YES;
				CLANG_WARN_STRICT_PROTOTYPES = YES;
				CLANG_WARN_SUSPICIOUS_MOVE = YES;
				CLANG_WARN_UNGUARDED_AVAILABILITY = YES_AGGRESSIVE;
				CLANG_WARN_UNREACHABLE_CODE = YES;
				CLANG_WARN__DUPLICATE_METHOD_MATCH = YES;
				COPY_PHASE_STRIP = NO;
				DEBUG_INFORMATION_FORMAT = dwarf;
				ENABLE_STRICT_OBJC_MSGSEND = YES;
				ENABLE_TESTABILITY = YES;
				GCC_C_LANGUAGE_STANDARD = gnu11;
				GCC_DYNAMIC_NO_PIC = NO;
				GCC_NO_COMMON_BLOCKS = YES;
				GCC_OPTIMIZATION_LEVEL = 0;
				GCC_PREPROCESSOR_DEFINITIONS = (
					"DEBUG=1",
					"$(inherited)",
				);
				GCC_WARN_64_TO_32_BIT_CONVERSION = YES;
				GCC_WARN_ABOUT_RETURN_TYPE = YES_ERROR;
				GCC_WARN_UNDECLARED_SELECTOR = YES;
				GCC_WARN_UNINITIALIZED_AUTOS = YES_AGGRESSIVE;
				GCC_WARN_UNUSED_FUNCTION = YES;
				GCC_WARN_UNUSED_VARIABLE = YES;
				MACOSX_DEPLOYMENT_TARGET = 13.0;
				MTL_ENABLE_DEBUG_INFO = INCLUDE_SOURCE;
				MTL_FAST_MATH = YES;
				ONLY_ACTIVE_ARCH = YES;
				SDKROOT = macosx;
				SWIFT_ACTIVE_COMPILATION_CONDITIONS = DEBUG;
				SWIFT_OPTIMIZATION_LEVEL = "-Onone";
			};
			name = Debug;
		};
		14A4647F296B8CF900A60BDF /* Release */ = {
			isa = XCBuildConfiguration;
			buildSettings = {
				ALWAYS_SEARCH_USER_PATHS = NO;
				CLANG_ANALYZER_NONNULL = YES;
				CLANG_ANALYZER_NUMBER_OBJECT_CONVERSION = YES_AGGRESSIVE;
				CLANG_CXX_LANGUAGE_STANDARD = "gnu++20";
				CLANG_ENABLE_MODULES = YES;
				CLANG_ENABLE_OBJC_ARC = YES;
				CLANG_ENABLE_OBJC_WEAK = YES;
				CLANG_WARN_BLOCK_CAPTURE_AUTORELEASING = YES;
				CLANG_WARN_BOOL_CONVERSION = YES;
				CLANG_WARN_COMMA = YES;
				CLANG_WARN_CONSTANT_CONVERSION = YES;
				CLANG_WARN_DEPRECATED_OBJC_IMPLEMENTATIONS = YES;
				CLANG_WARN_DIRECT_OBJC_ISA_USAGE = YES_ERROR;
				CLANG_WARN_DOCUMENTATION_COMMENTS = YES;
				CLANG_WARN_EMPTY_BODY = YES;
				CLANG_WARN_ENUM_CONVERSION = YES;
				CLANG_WARN_INFINITE_RECURSION = YES;
				CLANG_WARN_INT_CONVERSION = YES;
				CLANG_WARN_NON_LITERAL_NULL_CONVERSION = YES;
				CLANG_WARN_OBJC_IMPLICIT_RETAIN_SELF = YES;
				CLANG_WARN_OBJC_LITERAL_CONVERSION = YES;
				CLANG_WARN_OBJC_ROOT_CLASS = YES_ERROR;
				CLANG_WARN_QUOTED_INCLUDE_IN_FRAMEWORK_HEADER = YES;
				CLANG_WARN_RANGE_LOOP_ANALYSIS = YES;
				CLANG_WARN_STRICT_PROTOTYPES = YES;
				CLANG_WARN_SUSPICIOUS_MOVE = YES;
				CLANG_WARN_UNGUARDED_AVAILABILITY = YES_AGGRESSIVE;
				CLANG_WARN_UNREACHABLE_CODE = YES;
				CLANG_WARN__DUPLICATE_METHOD_MATCH = YES;
				COPY_PHASE_STRIP = NO;
				DEBUG_INFORMATION_FORMAT = "dwarf-with-dsym";
				ENABLE_NS_ASSERTIONS = NO;
				ENABLE_STRICT_OBJC_MSGSEND = YES;
				GCC_C_LANGUAGE_STANDARD = gnu11;
				GCC_NO_COMMON_BLOCKS = YES;
				GCC_WARN_64_TO_32_BIT_CONVERSION = YES;
				GCC_WARN_ABOUT_RETURN_TYPE = YES_ERROR;
				GCC_WARN_UNDECLARED_SELECTOR = YES;
				GCC_WARN_UNINITIALIZED_AUTOS = YES_AGGRESSIVE;
				GCC_WARN_UNUSED_FUNCTION = YES;
				GCC_WARN_UNUSED_VARIABLE = YES;
				MACOSX_DEPLOYMENT_TARGET = 13.0;
				MTL_ENABLE_DEBUG_INFO = NO;
				MTL_FAST_MATH = YES;
				SDKROOT = macosx;
				SWIFT_COMPILATION_MODE = wholemodule;
				SWIFT_OPTIMIZATION_LEVEL = "-O";
			};
			name = Release;
		};
		14A46481296B8CF900A60BDF /* Debug */ = {
			isa = XCBuildConfiguration;
			buildSettings = {
				ASSETCATALOG_COMPILER_APPICON_NAME = AppIcon;
				ASSETCATALOG_COMPILER_GLOBAL_ACCENT_COLOR_NAME = AccentColor;
				CODE_SIGN_ENTITLEMENTS = RichStatus/RichStatus.entitlements;
				CODE_SIGN_STYLE = Automatic;
				COMBINE_HIDPI_IMAGES = YES;
				CURRENT_PROJECT_VERSION = 1;
				DEVELOPMENT_ASSET_PATHS = "";
				DEVELOPMENT_TEAM = 5HWWH975WQ;
				ENABLE_PREVIEWS = YES;
				GENERATE_INFOPLIST_FILE = YES;
				INFOPLIST_KEY_NSHumanReadableCopyright = "";
				INFOPLIST_KEY_NSLocationWhenInUseUsageDescription = "To detect your location and provide weather data";
				LD_RUNPATH_SEARCH_PATHS = (
					"$(inherited)",
					"@executable_path/../Frameworks",
				);
				MARKETING_VERSION = 1.0;
				PRODUCT_BUNDLE_IDENTIFIER = me.sehati.richStatus;
				PRODUCT_NAME = "$(TARGET_NAME)";
				SWIFT_EMIT_LOC_STRINGS = YES;
				SWIFT_VERSION = 5.0;
			};
			name = Debug;
		};
		14A46482296B8CF900A60BDF /* Release */ = {
			isa = XCBuildConfiguration;
			buildSettings = {
				ASSETCATALOG_COMPILER_APPICON_NAME = AppIcon;
				ASSETCATALOG_COMPILER_GLOBAL_ACCENT_COLOR_NAME = AccentColor;
				CODE_SIGN_ENTITLEMENTS = RichStatus/RichStatus.entitlements;
				CODE_SIGN_STYLE = Automatic;
				COMBINE_HIDPI_IMAGES = YES;
				CURRENT_PROJECT_VERSION = 1;
				DEVELOPMENT_ASSET_PATHS = "";
				DEVELOPMENT_TEAM = 5HWWH975WQ;
				ENABLE_PREVIEWS = YES;
				GENERATE_INFOPLIST_FILE = YES;
				INFOPLIST_KEY_NSHumanReadableCopyright = "";
				INFOPLIST_KEY_NSLocationWhenInUseUsageDescription = "To detect your location and provide weather data";
				LD_RUNPATH_SEARCH_PATHS = (
					"$(inherited)",
					"@executable_path/../Frameworks",
				);
				MARKETING_VERSION = 1.0;
				PRODUCT_BUNDLE_IDENTIFIER = me.sehati.richStatus;
				PRODUCT_NAME = "$(TARGET_NAME)";
				SWIFT_EMIT_LOC_STRINGS = YES;
				SWIFT_VERSION = 5.0;
			};
			name = Release;
		};
		14A46484296B8CF900A60BDF /* Debug */ = {
			isa = XCBuildConfiguration;
			buildSettings = {
				ALWAYS_EMBED_SWIFT_STANDARD_LIBRARIES = YES;
				BUNDLE_LOADER = "$(TEST_HOST)";
				CLANG_ENABLE_MODULES = YES;
				CODE_SIGN_STYLE = Automatic;
				CURRENT_PROJECT_VERSION = 1;
				GENERATE_INFOPLIST_FILE = YES;
				LD_RUNPATH_SEARCH_PATHS = (
					"$(inherited)",
					"@executable_path/../Frameworks",
					"@loader_path/../Frameworks",
				);
				MACOSX_DEPLOYMENT_TARGET = 13.0;
				MARKETING_VERSION = 1.0;
				PRODUCT_BUNDLE_IDENTIFIER = sehati.me.RichStatusTests;
				PRODUCT_NAME = "$(TARGET_NAME)";
				SWIFT_EMIT_LOC_STRINGS = NO;
				SWIFT_OBJC_BRIDGING_HEADER = "";
				SWIFT_OBJC_INTERFACE_HEADER_NAME = "";
				SWIFT_OPTIMIZATION_LEVEL = "-Onone";
				SWIFT_VERSION = 5.0;
				TEST_HOST = "$(BUILT_PRODUCTS_DIR)/RichStatus.app/$(BUNDLE_EXECUTABLE_FOLDER_PATH)/RichStatus";
			};
			name = Debug;
		};
		14A46485296B8CF900A60BDF /* Release */ = {
			isa = XCBuildConfiguration;
			buildSettings = {
				ALWAYS_EMBED_SWIFT_STANDARD_LIBRARIES = YES;
				BUNDLE_LOADER = "$(TEST_HOST)";
				CLANG_ENABLE_MODULES = YES;
				CODE_SIGN_STYLE = Automatic;
				CURRENT_PROJECT_VERSION = 1;
				GENERATE_INFOPLIST_FILE = YES;
				LD_RUNPATH_SEARCH_PATHS = (
					"$(inherited)",
					"@executable_path/../Frameworks",
					"@loader_path/../Frameworks",
				);
				MACOSX_DEPLOYMENT_TARGET = 13.0;
				MARKETING_VERSION = 1.0;
				PRODUCT_BUNDLE_IDENTIFIER = sehati.me.RichStatusTests;
				PRODUCT_NAME = "$(TARGET_NAME)";
				SWIFT_EMIT_LOC_STRINGS = NO;
				SWIFT_OBJC_BRIDGING_HEADER = "";
				SWIFT_OBJC_INTERFACE_HEADER_NAME = "";
				SWIFT_VERSION = 5.0;
				TEST_HOST = "$(BUILT_PRODUCTS_DIR)/RichStatus.app/$(BUNDLE_EXECUTABLE_FOLDER_PATH)/RichStatus";
			};
			name = Release;
		};
		14A46487296B8CF900A60BDF /* Debug */ = {
			isa = XCBuildConfiguration;
			buildSettings = {
				ALWAYS_EMBED_SWIFT_STANDARD_LIBRARIES = YES;
				CODE_SIGN_STYLE = Automatic;
				CURRENT_PROJECT_VERSION = 1;
				GENERATE_INFOPLIST_FILE = YES;
				MARKETING_VERSION = 1.0;
				PRODUCT_BUNDLE_IDENTIFIER = sehati.me.RichStatusUITests;
				PRODUCT_NAME = "$(TARGET_NAME)";
				SWIFT_EMIT_LOC_STRINGS = NO;
				SWIFT_VERSION = 5.0;
				TEST_TARGET_NAME = RichStatus;
			};
			name = Debug;
		};
		14A46488296B8CF900A60BDF /* Release */ = {
			isa = XCBuildConfiguration;
			buildSettings = {
				ALWAYS_EMBED_SWIFT_STANDARD_LIBRARIES = YES;
				CODE_SIGN_STYLE = Automatic;
				CURRENT_PROJECT_VERSION = 1;
				GENERATE_INFOPLIST_FILE = YES;
				MARKETING_VERSION = 1.0;
				PRODUCT_BUNDLE_IDENTIFIER = sehati.me.RichStatusUITests;
				PRODUCT_NAME = "$(TARGET_NAME)";
				SWIFT_EMIT_LOC_STRINGS = NO;
				SWIFT_VERSION = 5.0;
				TEST_TARGET_NAME = RichStatus;
			};
			name = Release;
		};
/* End XCBuildConfiguration section */

/* Begin XCConfigurationList section */
		14A46456296B8CF800A60BDF /* Build configuration list for PBXProject "RichStatus" */ = {
			isa = XCConfigurationList;
			buildConfigurations = (
				14A4647E296B8CF900A60BDF /* Debug */,
				14A4647F296B8CF900A60BDF /* Release */,
			);
			defaultConfigurationIsVisible = 0;
			defaultConfigurationName = Release;
		};
		14A46480296B8CF900A60BDF /* Build configuration list for PBXNativeTarget "RichStatus" */ = {
			isa = XCConfigurationList;
			buildConfigurations = (
				14A46481296B8CF900A60BDF /* Debug */,
				14A46482296B8CF900A60BDF /* Release */,
			);
			defaultConfigurationIsVisible = 0;
			defaultConfigurationName = Release;
		};
		14A46483296B8CF900A60BDF /* Build configuration list for PBXNativeTarget "RichStatusTests" */ = {
			isa = XCConfigurationList;
			buildConfigurations = (
				14A46484296B8CF900A60BDF /* Debug */,
				14A46485296B8CF900A60BDF /* Release */,
			);
			defaultConfigurationIsVisible = 0;
			defaultConfigurationName = Release;
		};
		14A46486296B8CF900A60BDF /* Build configuration list for PBXNativeTarget "RichStatusUITests" */ = {
			isa = XCConfigurationList;
			buildConfigurations = (
				14A46487296B8CF900A60BDF /* Debug */,
				14A46488296B8CF900A60BDF /* Release */,
			);
			defaultConfigurationIsVisible = 0;
			defaultConfigurationName = Release;
		};
/* End XCConfigurationList section */
	};
	rootObject = 14A46453296B8CF800A60BDF /* Project object */;
}
